
Microsoft Visual Studio Solution File, Format Version 12.00
# Visual Studio Version 17
VisualStudioVersion = 17.4.33213.308
MinimumVisualStudioVersion = 10.0.40219.1
Project("{FAE04EC0-301F-11D3-BF4B-00C04F79EFBC}") = "Variables_Exercise_1", "Variables_Exercise_1\Variables_Exercise_1.csproj", "{FBA803D4-9002-4CA3-B0E9-36AB90A17AE8}"
EndProject
Global
	GlobalSection(SolutionConfigurationPlatforms) = preSolution
		Debug|Any CPU = Debug|Any CPU
		Release|Any CPU = Release|Any CPU
	EndGlobalSection
	GlobalSection(ProjectConfigurationPlatforms) = postSolution
		{FBA803D4-9002-4CA3-B0E9-36AB90A17AE8}.Debug|Any CPU.ActiveCfg = Debug|Any CPU
		{FBA803D4-9002-4CA3-B0E9-36AB90A17AE8}.Debug|Any CPU.Build.0 = Debug|Any CPU
		{FBA803D4-9002-4CA3-B0E9-36AB90A17AE8}.Release|Any CPU.ActiveCfg = Release|Any CPU
		{FBA803D4-9002-4CA3-B0E9-36AB90A17AE8}.Release|Any CPU.Build.0 = Release|Any CPU
	EndGlobalSection
	GlobalSection(SolutionProperties) = preSolution
		HideSolutionNode = FALSE
	EndGlobalSection
	GlobalSection(ExtensibilityGlobals) = postSolution
		SolutionGuid = {C3F364A3-0FBC-4D39-90F9-53538574D9EF}
	EndGlobalSection
EndGlobal
